// !$*UTF8*$!
{
	archiveVersion = 1;
	classes = {
	};
	objectVersion = 46;
	objects = {

/* Begin PBXBuildFile section */
		C707F45A1C8A6839007641BD /* MulticolorPolylineSegment.m in Sources */ = {isa = PBXBuildFile; fileRef = C707F4591C8A6839007641BD /* MulticolorPolylineSegment.m */; };
		C707F45D1C8A80AD007641BD /* Badge.m in Sources */ = {isa = PBXBuildFile; fileRef = C707F45C1C8A80AD007641BD /* Badge.m */; };
		C707F4601C8A8193007641BD /* BadgeController.m in Sources */ = {isa = PBXBuildFile; fileRef = C707F45F1C8A8193007641BD /* BadgeController.m */; };
		C71FEB051C8BDA9500B73DCE /* BadgeEarnStatus.m in Sources */ = {isa = PBXBuildFile; fileRef = C71FEB041C8BDA9500B73DCE /* BadgeEarnStatus.m */; };
		C73F62A21C88D2D900B7EAC9 /* GoogleMobileAds.framework in Frameworks */ = {isa = PBXBuildFile; fileRef = C73F62A11C88D2D900B7EAC9 /* GoogleMobileAds.framework */; };
		C73F62A41C88D2E900B7EAC9 /* CoreData.framework in Frameworks */ = {isa = PBXBuildFile; fileRef = C73F62A31C88D2E900B7EAC9 /* CoreData.framework */; };
		C73F62B21C88D50600B7EAC9 /* MapKit.framework in Frameworks */ = {isa = PBXBuildFile; fileRef = C73F62B11C88D50600B7EAC9 /* MapKit.framework */; };
		C73F62B51C88D51500B7EAC9 /* CoreFoundation.framework in Frameworks */ = {isa = PBXBuildFile; fileRef = C73F62B31C88D51500B7EAC9 /* CoreFoundation.framework */; };
		C73F62B61C88D51500B7EAC9 /* Foundation.framework in Frameworks */ = {isa = PBXBuildFile; fileRef = C73F62B41C88D51500B7EAC9 /* Foundation.framework */; };
		C73F62E21C88DAF800B7EAC9 /* ariel.jpg in Resources */ = {isa = PBXBuildFile; fileRef = C73F62B71C88DAF800B7EAC9 /* ariel.jpg */; };
		C73F62E31C88DAF800B7EAC9 /* asteroid_belt.png in Resources */ = {isa = PBXBuildFile; fileRef = C73F62B81C88DAF800B7EAC9 /* asteroid_belt.png */; };
		C73F62E41C88DAF800B7EAC9 /* atmosphere.jpg in Resources */ = {isa = PBXBuildFile; fileRef = C73F62B91C88DAF800B7EAC9 /* atmosphere.jpg */; };
		C73F62E51C88DAF800B7EAC9 /* badges.txt in Resources */ = {isa = PBXBuildFile; fileRef = C73F62BA1C88DAF800B7EAC9 /* badges.txt */; };
		C73F62E61C88DAF800B7EAC9 /* blue-btn.png in Resources */ = {isa = PBXBuildFile; fileRef = C73F62BB1C88DAF800B7EAC9 /* blue-btn.png */; };
		C73F62E71C88DAF800B7EAC9 /* callisto.jpg in Resources */ = {isa = PBXBuildFile; fileRef = C73F62BC1C88DAF800B7EAC9 /* callisto.jpg */; };
		C73F62E81C88DAF800B7EAC9 /* ceres.jpg in Resources */ = {isa = PBXBuildFile; fileRef = C73F62BD1C88DAF800B7EAC9 /* ceres.jpg */; };
		C73F62E91C88DAF800B7EAC9 /* Default-568h@2x.png in Resources */ = {isa = PBXBuildFile; fileRef = C73F62BE1C88DAF800B7EAC9 /* Default-568h@2x.png */; };
		C73F62EA1C88DAF800B7EAC9 /* deimos.jpg in Resources */ = {isa = PBXBuildFile; fileRef = C73F62BF1C88DAF800B7EAC9 /* deimos.jpg */; };
		C73F62EB1C88DAF800B7EAC9 /* dione.jpg in Resources */ = {isa = PBXBuildFile; fileRef = C73F62C01C88DAF800B7EAC9 /* dione.jpg */; };
		C73F62EC1C88DAF800B7EAC9 /* earth.jpg in Resources */ = {isa = PBXBuildFile; fileRef = C73F62C11C88DAF800B7EAC9 /* earth.jpg */; };
		C73F62ED1C88DAF800B7EAC9 /* enceladus.jpg in Resources */ = {isa = PBXBuildFile; fileRef = C73F62C21C88DAF800B7EAC9 /* enceladus.jpg */; };
		C73F62EE1C88DAF800B7EAC9 /* europa.jpg in Resources */ = {isa = PBXBuildFile; fileRef = C73F62C31C88DAF800B7EAC9 /* europa.jpg */; };
		C73F62EF1C88DAF800B7EAC9 /* ganymede.jpg in Resources */ = {isa = PBXBuildFile; fileRef = C73F62C41C88DAF800B7EAC9 /* ganymede.jpg */; };
		C73F62F01C88DAF800B7EAC9 /* green-btn.png in Resources */ = {isa = PBXBuildFile; fileRef = C73F62C51C88DAF800B7EAC9 /* green-btn.png */; };
		C73F62F11C88DAF800B7EAC9 /* iapetus.jpg in Resources */ = {isa = PBXBuildFile; fileRef = C73F62C61C88DAF800B7EAC9 /* iapetus.jpg */; };
		C73F62F21C88DAF800B7EAC9 /* Icon-App.png in Resources */ = {isa = PBXBuildFile; fileRef = C73F62C71C88DAF800B7EAC9 /* Icon-App.png */; };
		C73F62F31C88DAF800B7EAC9 /* Icon-Settings.png in Resources */ = {isa = PBXBuildFile; fileRef = C73F62C81C88DAF800B7EAC9 /* Icon-Settings.png */; };
		C73F62F41C88DAF800B7EAC9 /* Icon-Spotlight.png in Resources */ = {isa = PBXBuildFile; fileRef = C73F62C91C88DAF800B7EAC9 /* Icon-Spotlight.png */; };
		C73F62F51C88DAF800B7EAC9 /* info@2x.png in Resources */ = {isa = PBXBuildFile; fileRef = C73F62CA1C88DAF800B7EAC9 /* info@2x.png */; };
		C73F62F61C88DAF800B7EAC9 /* interstellar_space.jpg in Resources */ = {isa = PBXBuildFile; fileRef = C73F62CB1C88DAF800B7EAC9 /* interstellar_space.jpg */; };
		C73F62F71C88DAF800B7EAC9 /* io.jpg in Resources */ = {isa = PBXBuildFile; fileRef = C73F62CC1C88DAF800B7EAC9 /* io.jpg */; };
		C73F62F81C88DAF800B7EAC9 /* kuiper_belt.png in Resources */ = {isa = PBXBuildFile; fileRef = C73F62CD1C88DAF800B7EAC9 /* kuiper_belt.png */; };
		C73F62F91C88DAF800B7EAC9 /* magnetotail.png in Resources */ = {isa = PBXBuildFile; fileRef = C73F62CE1C88DAF800B7EAC9 /* magnetotail.png */; };
		C73F62FA1C88DAF800B7EAC9 /* mapPin@2x.png in Resources */ = {isa = PBXBuildFile; fileRef = C73F62CF1C88DAF800B7EAC9 /* mapPin@2x.png */; };
		C73F62FB1C88DAF800B7EAC9 /* mars.jpg in Resources */ = {isa = PBXBuildFile; fileRef = C73F62D01C88DAF800B7EAC9 /* mars.jpg */; };
		C73F62FC1C88DAF800B7EAC9 /* mimas.jpg in Resources */ = {isa = PBXBuildFile; fileRef = C73F62D11C88DAF800B7EAC9 /* mimas.jpg */; };
		C73F62FD1C88DAF800B7EAC9 /* miranda.jpg in Resources */ = {isa = PBXBuildFile; fileRef = C73F62D21C88DAF800B7EAC9 /* miranda.jpg */; };
		C73F62FE1C88DAF800B7EAC9 /* moon.jpg in Resources */ = {isa = PBXBuildFile; fileRef = C73F62D31C88DAF800B7EAC9 /* moon.jpg */; };
		C73F62FF1C88DAF800B7EAC9 /* oberon.jpg in Resources */ = {isa = PBXBuildFile; fileRef = C73F62D41C88DAF800B7EAC9 /* oberon.jpg */; };
		C73F63001C88DAF800B7EAC9 /* phobos.jpg in Resources */ = {isa = PBXBuildFile; fileRef = C73F62D51C88DAF800B7EAC9 /* phobos.jpg */; };
		C73F63011C88DAF800B7EAC9 /* pluto.jpg in Resources */ = {isa = PBXBuildFile; fileRef = C73F62D61C88DAF800B7EAC9 /* pluto.jpg */; };
		C73F63021C88DAF800B7EAC9 /* red-btn.png in Resources */ = {isa = PBXBuildFile; fileRef = C73F62D71C88DAF800B7EAC9 /* red-btn.png */; };
		C73F63031C88DAF800B7EAC9 /* rhea.jpg in Resources */ = {isa = PBXBuildFile; fileRef = C73F62D81C88DAF800B7EAC9 /* rhea.jpg */; };
		C73F63041C88DAF800B7EAC9 /* saturn.jpg in Resources */ = {isa = PBXBuildFile; fileRef = C73F62D91C88DAF800B7EAC9 /* saturn.jpg */; };
		C73F63051C88DAF800B7EAC9 /* spaceship-gold.png in Resources */ = {isa = PBXBuildFile; fileRef = C73F62DA1C88DAF800B7EAC9 /* spaceship-gold.png */; };
		C73F63061C88DAF800B7EAC9 /* spaceship-silver.png in Resources */ = {isa = PBXBuildFile; fileRef = C73F62DB1C88DAF800B7EAC9 /* spaceship-silver.png */; };
		C73F63071C88DAF800B7EAC9 /* success.wav in Resources */ = {isa = PBXBuildFile; fileRef = C73F62DC1C88DAF800B7EAC9 /* success.wav */; };
		C73F63081C88DAF800B7EAC9 /* tethys.jpg in Resources */ = {isa = PBXBuildFile; fileRef = C73F62DD1C88DAF800B7EAC9 /* tethys.jpg */; };
		C73F63091C88DAF800B7EAC9 /* titan.jpg in Resources */ = {isa = PBXBuildFile; fileRef = C73F62DE1C88DAF800B7EAC9 /* titan.jpg */; };
		C73F630A1C88DAF800B7EAC9 /* titania.jpg in Resources */ = {isa = PBXBuildFile; fileRef = C73F62DF1C88DAF800B7EAC9 /* titania.jpg */; };
		C73F630B1C88DAF800B7EAC9 /* triton.jpg in Resources */ = {isa = PBXBuildFile; fileRef = C73F62E01C88DAF800B7EAC9 /* triton.jpg */; };
		C73F630C1C88DAF800B7EAC9 /* umbriel.jpg in Resources */ = {isa = PBXBuildFile; fileRef = C73F62E11C88DAF800B7EAC9 /* umbriel.jpg */; };
		C73F630F1C88E6CE00B7EAC9 /* HomeViewController.m in Sources */ = {isa = PBXBuildFile; fileRef = C73F630E1C88E6CE00B7EAC9 /* HomeViewController.m */; };
		C74BB22C1C9312F400F13E71 /* PastDrivesDetailViewController.m in Sources */ = {isa = PBXBuildFile; fileRef = C74BB22B1C9312F400F13E71 /* PastDrivesDetailViewController.m */; };
		C755DDB31C8F17DF0047537B /* BadgeDetailsViewController.m in Sources */ = {isa = PBXBuildFile; fileRef = C755DDB21C8F17DF0047537B /* BadgeDetailsViewController.m */; };
		C755DDB51C8F2B1C0047537B /* Alarm.wav in Resources */ = {isa = PBXBuildFile; fileRef = C755DDB41C8F2B1C0047537B /* Alarm.wav */; };
		C755DDBB1C8F573F0047537B /* PastDrivesViewController.m in Sources */ = {isa = PBXBuildFile; fileRef = C755DDBA1C8F573F0047537B /* PastDrivesViewController.m */; };
		C755DDBE1C8F59190047537B /* DriveCell.m in Sources */ = {isa = PBXBuildFile; fileRef = C755DDBD1C8F59190047537B /* DriveCell.m */; };
		C755DDC01C8F5E660047537B /* GPS.jpg in Resources */ = {isa = PBXBuildFile; fileRef = C755DDBF1C8F5E660047537B /* GPS.jpg */; };
		C75891E11C909D2F0007F700 /* Drive+CoreDataProperties.m in Sources */ = {isa = PBXBuildFile; fileRef = C75891D61C909D2F0007F700 /* Drive+CoreDataProperties.m */; };
		C75891E21C909D2F0007F700 /* Drive.m in Sources */ = {isa = PBXBuildFile; fileRef = C75891D81C909D2F0007F700 /* Drive.m */; };
		C75891E31C909D2F0007F700 /* Pins+CoreDataProperties.m in Sources */ = {isa = PBXBuildFile; fileRef = C75891DA1C909D2F0007F700 /* Pins+CoreDataProperties.m */; };
		C75891E41C909D2F0007F700 /* Pins.m in Sources */ = {isa = PBXBuildFile; fileRef = C75891DC1C909D2F0007F700 /* Pins.m */; };
		C75891E51C909D2F0007F700 /* Location+CoreDataProperties.m in Sources */ = {isa = PBXBuildFile; fileRef = C75891DE1C909D2F0007F700 /* Location+CoreDataProperties.m */; };
		C75891E61C909D2F0007F700 /* Location.m in Sources */ = {isa = PBXBuildFile; fileRef = C75891E01C909D2F0007F700 /* Location.m */; };
		C794EA091C892A88003BC9AD /* NewDriveViewController.m in Sources */ = {isa = PBXBuildFile; fileRef = C794EA081C892A88003BC9AD /* NewDriveViewController.m */; };
		C7BBF41F1C88C29400E7ED69 /* main.m in Sources */ = {isa = PBXBuildFile; fileRef = C7BBF41E1C88C29400E7ED69 /* main.m */; };
		C7BBF4221C88C29400E7ED69 /* AppDelegate.m in Sources */ = {isa = PBXBuildFile; fileRef = C7BBF4211C88C29400E7ED69 /* AppDelegate.m */; };
		C7BBF4251C88C29400E7ED69 /* Put_It_Down.xcdatamodeld in Sources */ = {isa = PBXBuildFile; fileRef = C7BBF4231C88C29400E7ED69 /* Put_It_Down.xcdatamodeld */; };
		C7BBF42B1C88C29400E7ED69 /* DetailViewController.m in Sources */ = {isa = PBXBuildFile; fileRef = C7BBF42A1C88C29400E7ED69 /* DetailViewController.m */; };
		C7BBF42E1C88C29400E7ED69 /* Main.storyboard in Resources */ = {isa = PBXBuildFile; fileRef = C7BBF42C1C88C29400E7ED69 /* Main.storyboard */; };
		C7BBF4301C88C29400E7ED69 /* Assets.xcassets in Resources */ = {isa = PBXBuildFile; fileRef = C7BBF42F1C88C29400E7ED69 /* Assets.xcassets */; };
		C7BBF4331C88C29400E7ED69 /* LaunchScreen.storyboard in Resources */ = {isa = PBXBuildFile; fileRef = C7BBF4311C88C29400E7ED69 /* LaunchScreen.storyboard */; };
		C7BBF43E1C88C29400E7ED69 /* Put_It_DownTests.m in Sources */ = {isa = PBXBuildFile; fileRef = C7BBF43D1C88C29400E7ED69 /* Put_It_DownTests.m */; };
		C7BBF4491C88C29400E7ED69 /* Put_It_DownUITests.m in Sources */ = {isa = PBXBuildFile; fileRef = C7BBF4481C88C29400E7ED69 /* Put_It_DownUITests.m */; };
		C7C19EFC1C89F21900D5863F /* MathController.m in Sources */ = {isa = PBXBuildFile; fileRef = C7C19EFB1C89F21900D5863F /* MathController.m */; };
		C7C19EFE1C89FF6500D5863F /* CoreLocation.framework in Frameworks */ = {isa = PBXBuildFile; fileRef = C7C19EFD1C89FF6500D5863F /* CoreLocation.framework */; };
		C7C80BD61C8DED05002601B7 /* BadgeCell.m in Sources */ = {isa = PBXBuildFile; fileRef = C7C80BD51C8DED05002601B7 /* BadgeCell.m */; };
		C7C80BD91C8DEE14002601B7 /* BadgesTableViewController.m in Sources */ = {isa = PBXBuildFile; fileRef = C7C80BD81C8DEE14002601B7 /* BadgesTableViewController.m */; };
/* End PBXBuildFile section */

/* Begin PBXContainerItemProxy section */
		C7BBF43A1C88C29400E7ED69 /* PBXContainerItemProxy */ = {
			isa = PBXContainerItemProxy;
			containerPortal = C7BBF4121C88C29400E7ED69 /* Project object */;
			proxyType = 1;
			remoteGlobalIDString = C7BBF4191C88C29400E7ED69;
			remoteInfo = "Put It Down";
		};
		C7BBF4451C88C29400E7ED69 /* PBXContainerItemProxy */ = {
			isa = PBXContainerItemProxy;
			containerPortal = C7BBF4121C88C29400E7ED69 /* Project object */;
			proxyType = 1;
			remoteGlobalIDString = C7BBF4191C88C29400E7ED69;
			remoteInfo = "Put It Down";
		};
/* End PBXContainerItemProxy section */

/* Begin PBXFileReference section */
		C707F4581C8A6839007641BD /* MulticolorPolylineSegment.h */ = {isa = PBXFileReference; fileEncoding = 4; lastKnownFileType = sourcecode.c.h; path = MulticolorPolylineSegment.h; sourceTree = "<group>"; };
		C707F4591C8A6839007641BD /* MulticolorPolylineSegment.m */ = {isa = PBXFileReference; fileEncoding = 4; lastKnownFileType = sourcecode.c.objc; path = MulticolorPolylineSegment.m; sourceTree = "<group>"; };
		C707F45B1C8A80AD007641BD /* Badge.h */ = {isa = PBXFileReference; fileEncoding = 4; lastKnownFileType = sourcecode.c.h; path = Badge.h; sourceTree = "<group>"; };
		C707F45C1C8A80AD007641BD /* Badge.m */ = {isa = PBXFileReference; fileEncoding = 4; lastKnownFileType = sourcecode.c.objc; path = Badge.m; sourceTree = "<group>"; };
		C707F45E1C8A8193007641BD /* BadgeController.h */ = {isa = PBXFileReference; fileEncoding = 4; lastKnownFileType = sourcecode.c.h; path = BadgeController.h; sourceTree = "<group>"; };
		C707F45F1C8A8193007641BD /* BadgeController.m */ = {isa = PBXFileReference; fileEncoding = 4; lastKnownFileType = sourcecode.c.objc; path = BadgeController.m; sourceTree = "<group>"; };
		C71FEB031C8BDA9500B73DCE /* BadgeEarnStatus.h */ = {isa = PBXFileReference; fileEncoding = 4; lastKnownFileType = sourcecode.c.h; path = BadgeEarnStatus.h; sourceTree = "<group>"; };
		C71FEB041C8BDA9500B73DCE /* BadgeEarnStatus.m */ = {isa = PBXFileReference; fileEncoding = 4; lastKnownFileType = sourcecode.c.objc; path = BadgeEarnStatus.m; sourceTree = "<group>"; };
		C73F62A11C88D2D900B7EAC9 /* GoogleMobileAds.framework */ = {isa = PBXFileReference; lastKnownFileType = wrapper.framework; name = GoogleMobileAds.framework; path = "../../../../GoogleMobileAdsSdkiOS-7.6.0/GoogleMobileAds.framework"; sourceTree = "<group>"; };
		C73F62A31C88D2E900B7EAC9 /* CoreData.framework */ = {isa = PBXFileReference; lastKnownFileType = wrapper.framework; name = CoreData.framework; path = System/Library/Frameworks/CoreData.framework; sourceTree = SDKROOT; };
		C73F62B11C88D50600B7EAC9 /* MapKit.framework */ = {isa = PBXFileReference; lastKnownFileType = wrapper.framework; name = MapKit.framework; path = System/Library/Frameworks/MapKit.framework; sourceTree = SDKROOT; };
		C73F62B31C88D51500B7EAC9 /* CoreFoundation.framework */ = {isa = PBXFileReference; lastKnownFileType = wrapper.framework; name = CoreFoundation.framework; path = System/Library/Frameworks/CoreFoundation.framework; sourceTree = SDKROOT; };
		C73F62B41C88D51500B7EAC9 /* Foundation.framework */ = {isa = PBXFileReference; lastKnownFileType = wrapper.framework; name = Foundation.framework; path = System/Library/Frameworks/Foundation.framework; sourceTree = SDKROOT; };
		C73F62B71C88DAF800B7EAC9 /* ariel.jpg */ = {isa = PBXFileReference; lastKnownFileType = image.jpeg; path = ariel.jpg; sourceTree = "<group>"; };
		C73F62B81C88DAF800B7EAC9 /* asteroid_belt.png */ = {isa = PBXFileReference; lastKnownFileType = image.png; path = asteroid_belt.png; sourceTree = "<group>"; };
		C73F62B91C88DAF800B7EAC9 /* atmosphere.jpg */ = {isa = PBXFileReference; lastKnownFileType = image.jpeg; path = atmosphere.jpg; sourceTree = "<group>"; };
		C73F62BA1C88DAF800B7EAC9 /* badges.txt */ = {isa = PBXFileReference; fileEncoding = 4; lastKnownFileType = text; path = badges.txt; sourceTree = "<group>"; };
		C73F62BB1C88DAF800B7EAC9 /* blue-btn.png */ = {isa = PBXFileReference; lastKnownFileType = image.png; path = "blue-btn.png"; sourceTree = "<group>"; };
		C73F62BC1C88DAF800B7EAC9 /* callisto.jpg */ = {isa = PBXFileReference; lastKnownFileType = image.jpeg; path = callisto.jpg; sourceTree = "<group>"; };
		C73F62BD1C88DAF800B7EAC9 /* ceres.jpg */ = {isa = PBXFileReference; lastKnownFileType = image.jpeg; path = ceres.jpg; sourceTree = "<group>"; };
		C73F62BE1C88DAF800B7EAC9 /* Default-568h@2x.png */ = {isa = PBXFileReference; lastKnownFileType = image.png; path = "Default-568h@2x.png"; sourceTree = "<group>"; };
		C73F62BF1C88DAF800B7EAC9 /* deimos.jpg */ = {isa = PBXFileReference; lastKnownFileType = image.jpeg; path = deimos.jpg; sourceTree = "<group>"; };
		C73F62C01C88DAF800B7EAC9 /* dione.jpg */ = {isa = PBXFileReference; lastKnownFileType = image.jpeg; path = dione.jpg; sourceTree = "<group>"; };
		C73F62C11C88DAF800B7EAC9 /* earth.jpg */ = {isa = PBXFileReference; lastKnownFileType = image.jpeg; path = earth.jpg; sourceTree = "<group>"; };
		C73F62C21C88DAF800B7EAC9 /* enceladus.jpg */ = {isa = PBXFileReference; lastKnownFileType = image.jpeg; path = enceladus.jpg; sourceTree = "<group>"; };
		C73F62C31C88DAF800B7EAC9 /* europa.jpg */ = {isa = PBXFileReference; lastKnownFileType = image.jpeg; path = europa.jpg; sourceTree = "<group>"; };
		C73F62C41C88DAF800B7EAC9 /* ganymede.jpg */ = {isa = PBXFileReference; lastKnownFileType = image.jpeg; path = ganymede.jpg; sourceTree = "<group>"; };
		C73F62C51C88DAF800B7EAC9 /* green-btn.png */ = {isa = PBXFileReference; lastKnownFileType = image.png; path = "green-btn.png"; sourceTree = "<group>"; };
		C73F62C61C88DAF800B7EAC9 /* iapetus.jpg */ = {isa = PBXFileReference; lastKnownFileType = image.jpeg; path = iapetus.jpg; sourceTree = "<group>"; };
		C73F62C71C88DAF800B7EAC9 /* Icon-App.png */ = {isa = PBXFileReference; lastKnownFileType = image.png; path = "Icon-App.png"; sourceTree = "<group>"; };
		C73F62C81C88DAF800B7EAC9 /* Icon-Settings.png */ = {isa = PBXFileReference; lastKnownFileType = image.png; path = "Icon-Settings.png"; sourceTree = "<group>"; };
		C73F62C91C88DAF800B7EAC9 /* Icon-Spotlight.png */ = {isa = PBXFileReference; lastKnownFileType = image.png; path = "Icon-Spotlight.png"; sourceTree = "<group>"; };
		C73F62CA1C88DAF800B7EAC9 /* info@2x.png */ = {isa = PBXFileReference; lastKnownFileType = image.png; path = "info@2x.png"; sourceTree = "<group>"; };
		C73F62CB1C88DAF800B7EAC9 /* interstellar_space.jpg */ = {isa = PBXFileReference; lastKnownFileType = image.jpeg; path = interstellar_space.jpg; sourceTree = "<group>"; };
		C73F62CC1C88DAF800B7EAC9 /* io.jpg */ = {isa = PBXFileReference; lastKnownFileType = image.jpeg; path = io.jpg; sourceTree = "<group>"; };
		C73F62CD1C88DAF800B7EAC9 /* kuiper_belt.png */ = {isa = PBXFileReference; lastKnownFileType = image.png; path = kuiper_belt.png; sourceTree = "<group>"; };
		C73F62CE1C88DAF800B7EAC9 /* magnetotail.png */ = {isa = PBXFileReference; lastKnownFileType = image.png; path = magnetotail.png; sourceTree = "<group>"; };
		C73F62CF1C88DAF800B7EAC9 /* mapPin@2x.png */ = {isa = PBXFileReference; lastKnownFileType = image.png; path = "mapPin@2x.png"; sourceTree = "<group>"; };
		C73F62D01C88DAF800B7EAC9 /* mars.jpg */ = {isa = PBXFileReference; lastKnownFileType = image.jpeg; path = mars.jpg; sourceTree = "<group>"; };
		C73F62D11C88DAF800B7EAC9 /* mimas.jpg */ = {isa = PBXFileReference; lastKnownFileType = image.jpeg; path = mimas.jpg; sourceTree = "<group>"; };
		C73F62D21C88DAF800B7EAC9 /* miranda.jpg */ = {isa = PBXFileReference; lastKnownFileType = image.jpeg; path = miranda.jpg; sourceTree = "<group>"; };
		C73F62D31C88DAF800B7EAC9 /* moon.jpg */ = {isa = PBXFileReference; lastKnownFileType = image.jpeg; path = moon.jpg; sourceTree = "<group>"; };
		C73F62D41C88DAF800B7EAC9 /* oberon.jpg */ = {isa = PBXFileReference; lastKnownFileType = image.jpeg; path = oberon.jpg; sourceTree = "<group>"; };
		C73F62D51C88DAF800B7EAC9 /* phobos.jpg */ = {isa = PBXFileReference; lastKnownFileType = image.jpeg; path = phobos.jpg; sourceTree = "<group>"; };
		C73F62D61C88DAF800B7EAC9 /* pluto.jpg */ = {isa = PBXFileReference; lastKnownFileType = image.jpeg; path = pluto.jpg; sourceTree = "<group>"; };
		C73F62D71C88DAF800B7EAC9 /* red-btn.png */ = {isa = PBXFileReference; lastKnownFileType = image.png; path = "red-btn.png"; sourceTree = "<group>"; };
		C73F62D81C88DAF800B7EAC9 /* rhea.jpg */ = {isa = PBXFileReference; lastKnownFileType = image.jpeg; path = rhea.jpg; sourceTree = "<group>"; };
		C73F62D91C88DAF800B7EAC9 /* saturn.jpg */ = {isa = PBXFileReference; lastKnownFileType = image.jpeg; path = saturn.jpg; sourceTree = "<group>"; };
		C73F62DA1C88DAF800B7EAC9 /* spaceship-gold.png */ = {isa = PBXFileReference; lastKnownFileType = image.png; path = "spaceship-gold.png"; sourceTree = "<group>"; };
		C73F62DB1C88DAF800B7EAC9 /* spaceship-silver.png */ = {isa = PBXFileReference; lastKnownFileType = image.png; path = "spaceship-silver.png"; sourceTree = "<group>"; };
		C73F62DC1C88DAF800B7EAC9 /* success.wav */ = {isa = PBXFileReference; lastKnownFileType = audio.wav; path = success.wav; sourceTree = "<group>"; };
		C73F62DD1C88DAF800B7EAC9 /* tethys.jpg */ = {isa = PBXFileReference; lastKnownFileType = image.jpeg; path = tethys.jpg; sourceTree = "<group>"; };
		C73F62DE1C88DAF800B7EAC9 /* titan.jpg */ = {isa = PBXFileReference; lastKnownFileType = image.jpeg; path = titan.jpg; sourceTree = "<group>"; };
		C73F62DF1C88DAF800B7EAC9 /* titania.jpg */ = {isa = PBXFileReference; lastKnownFileType = image.jpeg; path = titania.jpg; sourceTree = "<group>"; };
		C73F62E01C88DAF800B7EAC9 /* triton.jpg */ = {isa = PBXFileReference; lastKnownFileType = image.jpeg; path = triton.jpg; sourceTree = "<group>"; };
		C73F62E11C88DAF800B7EAC9 /* umbriel.jpg */ = {isa = PBXFileReference; lastKnownFileType = image.jpeg; path = umbriel.jpg; sourceTree = "<group>"; };
		C73F630D1C88E6CE00B7EAC9 /* HomeViewController.h */ = {isa = PBXFileReference; fileEncoding = 4; lastKnownFileType = sourcecode.c.h; path = HomeViewController.h; sourceTree = "<group>"; };
		C73F630E1C88E6CE00B7EAC9 /* HomeViewController.m */ = {isa = PBXFileReference; fileEncoding = 4; lastKnownFileType = sourcecode.c.objc; path = HomeViewController.m; sourceTree = "<group>"; };
		C74BB22A1C9312F400F13E71 /* PastDrivesDetailViewController.h */ = {isa = PBXFileReference; fileEncoding = 4; lastKnownFileType = sourcecode.c.h; path = PastDrivesDetailViewController.h; sourceTree = "<group>"; };
		C74BB22B1C9312F400F13E71 /* PastDrivesDetailViewController.m */ = {isa = PBXFileReference; fileEncoding = 4; lastKnownFileType = sourcecode.c.objc; path = PastDrivesDetailViewController.m; sourceTree = "<group>"; };
		C755DDB11C8F17DF0047537B /* BadgeDetailsViewController.h */ = {isa = PBXFileReference; fileEncoding = 4; lastKnownFileType = sourcecode.c.h; path = BadgeDetailsViewController.h; sourceTree = "<group>"; };
		C755DDB21C8F17DF0047537B /* BadgeDetailsViewController.m */ = {isa = PBXFileReference; fileEncoding = 4; lastKnownFileType = sourcecode.c.objc; path = BadgeDetailsViewController.m; sourceTree = "<group>"; };
		C755DDB41C8F2B1C0047537B /* Alarm.wav */ = {isa = PBXFileReference; lastKnownFileType = audio.wav; name = Alarm.wav; path = ../../../../../Downloads/Alarm.wav; sourceTree = "<group>"; };
		C755DDB91C8F573F0047537B /* PastDrivesViewController.h */ = {isa = PBXFileReference; fileEncoding = 4; lastKnownFileType = sourcecode.c.h; path = PastDrivesViewController.h; sourceTree = "<group>"; };
		C755DDBA1C8F573F0047537B /* PastDrivesViewController.m */ = {isa = PBXFileReference; fileEncoding = 4; lastKnownFileType = sourcecode.c.objc; path = PastDrivesViewController.m; sourceTree = "<group>"; };
		C755DDBC1C8F59190047537B /* DriveCell.h */ = {isa = PBXFileReference; fileEncoding = 4; lastKnownFileType = sourcecode.c.h; path = DriveCell.h; sourceTree = "<group>"; };
		C755DDBD1C8F59190047537B /* DriveCell.m */ = {isa = PBXFileReference; fileEncoding = 4; lastKnownFileType = sourcecode.c.objc; path = DriveCell.m; sourceTree = "<group>"; };
		C755DDBF1C8F5E660047537B /* GPS.jpg */ = {isa = PBXFileReference; lastKnownFileType = image.jpeg; name = GPS.jpg; path = "../../../../../Downloads/VectorCopy-GPS navigation icon/GPS.jpg"; sourceTree = "<group>"; };
		C75891D51C909D2F0007F700 /* Drive+CoreDataProperties.h */ = {isa = PBXFileReference; fileEncoding = 4; lastKnownFileType = sourcecode.c.h; path = "Drive+CoreDataProperties.h"; sourceTree = "<group>"; };
		C75891D61C909D2F0007F700 /* Drive+CoreDataProperties.m */ = {isa = PBXFileReference; fileEncoding = 4; lastKnownFileType = sourcecode.c.objc; path = "Drive+CoreDataProperties.m"; sourceTree = "<group>"; };
		C75891D71C909D2F0007F700 /* Drive.h */ = {isa = PBXFileReference; fileEncoding = 4; lastKnownFileType = sourcecode.c.h; path = Drive.h; sourceTree = "<group>"; };
		C75891D81C909D2F0007F700 /* Drive.m */ = {isa = PBXFileReference; fileEncoding = 4; lastKnownFileType = sourcecode.c.objc; path = Drive.m; sourceTree = "<group>"; };
		C75891D91C909D2F0007F700 /* Pins+CoreDataProperties.h */ = {isa = PBXFileReference; fileEncoding = 4; lastKnownFileType = sourcecode.c.h; path = "Pins+CoreDataProperties.h"; sourceTree = "<group>"; };
		C75891DA1C909D2F0007F700 /* Pins+CoreDataProperties.m */ = {isa = PBXFileReference; fileEncoding = 4; lastKnownFileType = sourcecode.c.objc; path = "Pins+CoreDataProperties.m"; sourceTree = "<group>"; };
		C75891DB1C909D2F0007F700 /* Pins.h */ = {isa = PBXFileReference; fileEncoding = 4; lastKnownFileType = sourcecode.c.h; path = Pins.h; sourceTree = "<group>"; };
		C75891DC1C909D2F0007F700 /* Pins.m */ = {isa = PBXFileReference; fileEncoding = 4; lastKnownFileType = sourcecode.c.objc; path = Pins.m; sourceTree = "<group>"; };
		C75891DD1C909D2F0007F700 /* Location+CoreDataProperties.h */ = {isa = PBXFileReference; fileEncoding = 4; lastKnownFileType = sourcecode.c.h; path = "Location+CoreDataProperties.h"; sourceTree = "<group>"; };
		C75891DE1C909D2F0007F700 /* Location+CoreDataProperties.m */ = {isa = PBXFileReference; fileEncoding = 4; lastKnownFileType = sourcecode.c.objc; path = "Location+CoreDataProperties.m"; sourceTree = "<group>"; };
		C75891DF1C909D2F0007F700 /* Location.h */ = {isa = PBXFileReference; fileEncoding = 4; lastKnownFileType = sourcecode.c.h; path = Location.h; sourceTree = "<group>"; };
		C75891E01C909D2F0007F700 /* Location.m */ = {isa = PBXFileReference; fileEncoding = 4; lastKnownFileType = sourcecode.c.objc; path = Location.m; sourceTree = "<group>"; };
		C794EA071C892A88003BC9AD /* NewDriveViewController.h */ = {isa = PBXFileReference; fileEncoding = 4; lastKnownFileType = sourcecode.c.h; path = NewDriveViewController.h; sourceTree = "<group>"; };
		C794EA081C892A88003BC9AD /* NewDriveViewController.m */ = {isa = PBXFileReference; fileEncoding = 4; lastKnownFileType = sourcecode.c.objc; path = NewDriveViewController.m; sourceTree = "<group>"; };
		C7BBF41A1C88C29400E7ED69 /* Put It Down.app */ = {isa = PBXFileReference; explicitFileType = wrapper.application; includeInIndex = 0; path = "Put It Down.app"; sourceTree = BUILT_PRODUCTS_DIR; };
		C7BBF41E1C88C29400E7ED69 /* main.m */ = {isa = PBXFileReference; lastKnownFileType = sourcecode.c.objc; path = main.m; sourceTree = "<group>"; };
		C7BBF4201C88C29400E7ED69 /* AppDelegate.h */ = {isa = PBXFileReference; lastKnownFileType = sourcecode.c.h; path = AppDelegate.h; sourceTree = "<group>"; };
		C7BBF4211C88C29400E7ED69 /* AppDelegate.m */ = {isa = PBXFileReference; lastKnownFileType = sourcecode.c.objc; path = AppDelegate.m; sourceTree = "<group>"; };
		C7BBF4241C88C29400E7ED69 /* Put_It_Down.xcdatamodel */ = {isa = PBXFileReference; lastKnownFileType = wrapper.xcdatamodel; path = Put_It_Down.xcdatamodel; sourceTree = "<group>"; };
		C7BBF4291C88C29400E7ED69 /* DetailViewController.h */ = {isa = PBXFileReference; lastKnownFileType = sourcecode.c.h; path = DetailViewController.h; sourceTree = "<group>"; };
		C7BBF42A1C88C29400E7ED69 /* DetailViewController.m */ = {isa = PBXFileReference; lastKnownFileType = sourcecode.c.objc; path = DetailViewController.m; sourceTree = "<group>"; };
		C7BBF42D1C88C29400E7ED69 /* Base */ = {isa = PBXFileReference; lastKnownFileType = file.storyboard; name = Base; path = Base.lproj/Main.storyboard; sourceTree = "<group>"; };
		C7BBF42F1C88C29400E7ED69 /* Assets.xcassets */ = {isa = PBXFileReference; lastKnownFileType = folder.assetcatalog; path = Assets.xcassets; sourceTree = "<group>"; };
		C7BBF4321C88C29400E7ED69 /* Base */ = {isa = PBXFileReference; lastKnownFileType = file.storyboard; name = Base; path = Base.lproj/LaunchScreen.storyboard; sourceTree = "<group>"; };
		C7BBF4341C88C29400E7ED69 /* Info.plist */ = {isa = PBXFileReference; lastKnownFileType = text.plist.xml; path = Info.plist; sourceTree = "<group>"; };
		C7BBF4391C88C29400E7ED69 /* Put It DownTests.xctest */ = {isa = PBXFileReference; explicitFileType = wrapper.cfbundle; includeInIndex = 0; path = "Put It DownTests.xctest"; sourceTree = BUILT_PRODUCTS_DIR; };
		C7BBF43D1C88C29400E7ED69 /* Put_It_DownTests.m */ = {isa = PBXFileReference; lastKnownFileType = sourcecode.c.objc; path = Put_It_DownTests.m; sourceTree = "<group>"; };
		C7BBF43F1C88C29400E7ED69 /* Info.plist */ = {isa = PBXFileReference; lastKnownFileType = text.plist.xml; path = Info.plist; sourceTree = "<group>"; };
		C7BBF4441C88C29400E7ED69 /* Put It DownUITests.xctest */ = {isa = PBXFileReference; explicitFileType = wrapper.cfbundle; includeInIndex = 0; path = "Put It DownUITests.xctest"; sourceTree = BUILT_PRODUCTS_DIR; };
		C7BBF4481C88C29400E7ED69 /* Put_It_DownUITests.m */ = {isa = PBXFileReference; lastKnownFileType = sourcecode.c.objc; path = Put_It_DownUITests.m; sourceTree = "<group>"; };
		C7BBF44A1C88C29400E7ED69 /* Info.plist */ = {isa = PBXFileReference; lastKnownFileType = text.plist.xml; path = Info.plist; sourceTree = "<group>"; };
		C7C19EFA1C89F21900D5863F /* MathController.h */ = {isa = PBXFileReference; fileEncoding = 4; lastKnownFileType = sourcecode.c.h; path = MathController.h; sourceTree = "<group>"; };
		C7C19EFB1C89F21900D5863F /* MathController.m */ = {isa = PBXFileReference; fileEncoding = 4; lastKnownFileType = sourcecode.c.objc; path = MathController.m; sourceTree = "<group>"; };
		C7C19EFD1C89FF6500D5863F /* CoreLocation.framework */ = {isa = PBXFileReference; lastKnownFileType = wrapper.framework; name = CoreLocation.framework; path = System/Library/Frameworks/CoreLocation.framework; sourceTree = SDKROOT; };
		C7C80BD41C8DED05002601B7 /* BadgeCell.h */ = {isa = PBXFileReference; fileEncoding = 4; lastKnownFileType = sourcecode.c.h; path = BadgeCell.h; sourceTree = "<group>"; };
		C7C80BD51C8DED05002601B7 /* BadgeCell.m */ = {isa = PBXFileReference; fileEncoding = 4; lastKnownFileType = sourcecode.c.objc; path = BadgeCell.m; sourceTree = "<group>"; };
		C7C80BD71C8DEE14002601B7 /* BadgesTableViewController.h */ = {isa = PBXFileReference; fileEncoding = 4; lastKnownFileType = sourcecode.c.h; path = BadgesTableViewController.h; sourceTree = "<group>"; };
		C7C80BD81C8DEE14002601B7 /* BadgesTableViewController.m */ = {isa = PBXFileReference; fileEncoding = 4; lastKnownFileType = sourcecode.c.objc; path = BadgesTableViewController.m; sourceTree = "<group>"; };
/* End PBXFileReference section */

/* Begin PBXFrameworksBuildPhase section */
		C7BBF4171C88C29400E7ED69 /* Frameworks */ = {
			isa = PBXFrameworksBuildPhase;
			buildActionMask = 2147483647;
			files = (
				C7C19EFE1C89FF6500D5863F /* CoreLocation.framework in Frameworks */,
				C73F62B51C88D51500B7EAC9 /* CoreFoundation.framework in Frameworks */,
				C73F62B61C88D51500B7EAC9 /* Foundation.framework in Frameworks */,
				C73F62B21C88D50600B7EAC9 /* MapKit.framework in Frameworks */,
				C73F62A41C88D2E900B7EAC9 /* CoreData.framework in Frameworks */,
				C73F62A21C88D2D900B7EAC9 /* GoogleMobileAds.framework in Frameworks */,
			);
			runOnlyForDeploymentPostprocessing = 0;
		};
		C7BBF4361C88C29400E7ED69 /* Frameworks */ = {
			isa = PBXFrameworksBuildPhase;
			buildActionMask = 2147483647;
			files = (
			);
			runOnlyForDeploymentPostprocessing = 0;
		};
		C7BBF4411C88C29400E7ED69 /* Frameworks */ = {
			isa = PBXFrameworksBuildPhase;
			buildActionMask = 2147483647;
			files = (
			);
			runOnlyForDeploymentPostprocessing = 0;
		};
/* End PBXFrameworksBuildPhase section */

/* Begin PBXGroup section */
		C7BBF4111C88C29400E7ED69 = {
			isa = PBXGroup;
			children = (
				C7C19EFD1C89FF6500D5863F /* CoreLocation.framework */,
				C73F62B31C88D51500B7EAC9 /* CoreFoundation.framework */,
				C73F62B41C88D51500B7EAC9 /* Foundation.framework */,
				C73F62B11C88D50600B7EAC9 /* MapKit.framework */,
				C73F62A31C88D2E900B7EAC9 /* CoreData.framework */,
				C73F62A11C88D2D900B7EAC9 /* GoogleMobileAds.framework */,
				C7BBF41C1C88C29400E7ED69 /* Put It Down */,
				C7BBF43C1C88C29400E7ED69 /* Put It DownTests */,
				C7BBF4471C88C29400E7ED69 /* Put It DownUITests */,
				C7BBF41B1C88C29400E7ED69 /* Products */,
			);
			sourceTree = "<group>";
		};
		C7BBF41B1C88C29400E7ED69 /* Products */ = {
			isa = PBXGroup;
			children = (
				C7BBF41A1C88C29400E7ED69 /* Put It Down.app */,
				C7BBF4391C88C29400E7ED69 /* Put It DownTests.xctest */,
				C7BBF4441C88C29400E7ED69 /* Put It DownUITests.xctest */,
			);
			name = Products;
			sourceTree = "<group>";
		};
		C7BBF41C1C88C29400E7ED69 /* Put It Down */ = {
			isa = PBXGroup;
			children = (
				C7BBF4201C88C29400E7ED69 /* AppDelegate.h */,
				C7BBF4211C88C29400E7ED69 /* AppDelegate.m */,
				C7BBF4291C88C29400E7ED69 /* DetailViewController.h */,
				C7BBF42A1C88C29400E7ED69 /* DetailViewController.m */,
				C74BB22A1C9312F400F13E71 /* PastDrivesDetailViewController.h */,
				C74BB22B1C9312F400F13E71 /* PastDrivesDetailViewController.m */,
				C755DDB91C8F573F0047537B /* PastDrivesViewController.h */,
				C755DDBA1C8F573F0047537B /* PastDrivesViewController.m */,
				C755DDBC1C8F59190047537B /* DriveCell.h */,
				C755DDBD1C8F59190047537B /* DriveCell.m */,
				C7BBF42C1C88C29400E7ED69 /* Main.storyboard */,
				C71FEB031C8BDA9500B73DCE /* BadgeEarnStatus.h */,
				C71FEB041C8BDA9500B73DCE /* BadgeEarnStatus.m */,
				C707F4581C8A6839007641BD /* MulticolorPolylineSegment.h */,
				C707F4591C8A6839007641BD /* MulticolorPolylineSegment.m */,
				C7C19EFA1C89F21900D5863F /* MathController.h */,
				C7C19EFB1C89F21900D5863F /* MathController.m */,
				C794EA071C892A88003BC9AD /* NewDriveViewController.h */,
				C794EA081C892A88003BC9AD /* NewDriveViewController.m */,
				C707F45B1C8A80AD007641BD /* Badge.h */,
				C707F45C1C8A80AD007641BD /* Badge.m */,
				C707F45E1C8A8193007641BD /* BadgeController.h */,
				C707F45F1C8A8193007641BD /* BadgeController.m */,
				C7C80BD41C8DED05002601B7 /* BadgeCell.h */,
				C7C80BD71C8DEE14002601B7 /* BadgesTableViewController.h */,
				C7C80BD81C8DEE14002601B7 /* BadgesTableViewController.m */,
				C755DDB11C8F17DF0047537B /* BadgeDetailsViewController.h */,
				C755DDB21C8F17DF0047537B /* BadgeDetailsViewController.m */,
				C7C80BD51C8DED05002601B7 /* BadgeCell.m */,
				C73F630D1C88E6CE00B7EAC9 /* HomeViewController.h */,
				C73F630E1C88E6CE00B7EAC9 /* HomeViewController.m */,
				C7BBF42F1C88C29400E7ED69 /* Assets.xcassets */,
				C7BBF4311C88C29400E7ED69 /* LaunchScreen.storyboard */,
				C7BBF4341C88C29400E7ED69 /* Info.plist */,
				C7BBF4231C88C29400E7ED69 /* Put_It_Down.xcdatamodeld */,
				C75891D51C909D2F0007F700 /* Drive+CoreDataProperties.h */,
				C75891D61C909D2F0007F700 /* Drive+CoreDataProperties.m */,
				C75891D71C909D2F0007F700 /* Drive.h */,
				C75891D81C909D2F0007F700 /* Drive.m */,
				C75891D91C909D2F0007F700 /* Pins+CoreDataProperties.h */,
				C75891DA1C909D2F0007F700 /* Pins+CoreDataProperties.m */,
				C75891DB1C909D2F0007F700 /* Pins.h */,
				C75891DC1C909D2F0007F700 /* Pins.m */,
				C75891DD1C909D2F0007F700 /* Location+CoreDataProperties.h */,
				C75891DE1C909D2F0007F700 /* Location+CoreDataProperties.m */,
				C75891DF1C909D2F0007F700 /* Location.h */,
				C75891E01C909D2F0007F700 /* Location.m */,
				C7BBF41D1C88C29400E7ED69 /* Supporting Files */,
			);
			path = "Put It Down";
			sourceTree = "<group>";
		};
		C7BBF41D1C88C29400E7ED69 /* Supporting Files */ = {
			isa = PBXGroup;
			children = (
				C755DDBF1C8F5E660047537B /* GPS.jpg */,
				C73F62B71C88DAF800B7EAC9 /* ariel.jpg */,
				C73F62B81C88DAF800B7EAC9 /* asteroid_belt.png */,
				C73F62B91C88DAF800B7EAC9 /* atmosphere.jpg */,
				C73F62BA1C88DAF800B7EAC9 /* badges.txt */,
				C73F62BB1C88DAF800B7EAC9 /* blue-btn.png */,
				C73F62BC1C88DAF800B7EAC9 /* callisto.jpg */,
				C73F62BD1C88DAF800B7EAC9 /* ceres.jpg */,
				C73F62BE1C88DAF800B7EAC9 /* Default-568h@2x.png */,
				C73F62BF1C88DAF800B7EAC9 /* deimos.jpg */,
				C73F62C01C88DAF800B7EAC9 /* dione.jpg */,
				C73F62C11C88DAF800B7EAC9 /* earth.jpg */,
				C73F62C21C88DAF800B7EAC9 /* enceladus.jpg */,
				C73F62C31C88DAF800B7EAC9 /* europa.jpg */,
				C73F62C41C88DAF800B7EAC9 /* ganymede.jpg */,
				C73F62C51C88DAF800B7EAC9 /* green-btn.png */,
				C73F62C61C88DAF800B7EAC9 /* iapetus.jpg */,
				C73F62C71C88DAF800B7EAC9 /* Icon-App.png */,
				C73F62C81C88DAF800B7EAC9 /* Icon-Settings.png */,
				C73F62C91C88DAF800B7EAC9 /* Icon-Spotlight.png */,
				C73F62CA1C88DAF800B7EAC9 /* info@2x.png */,
				C73F62CB1C88DAF800B7EAC9 /* interstellar_space.jpg */,
				C73F62CC1C88DAF800B7EAC9 /* io.jpg */,
				C73F62CD1C88DAF800B7EAC9 /* kuiper_belt.png */,
				C755DDB41C8F2B1C0047537B /* Alarm.wav */,
				C73F62CE1C88DAF800B7EAC9 /* magnetotail.png */,
				C73F62CF1C88DAF800B7EAC9 /* mapPin@2x.png */,
				C73F62D01C88DAF800B7EAC9 /* mars.jpg */,
				C73F62D11C88DAF800B7EAC9 /* mimas.jpg */,
				C73F62D21C88DAF800B7EAC9 /* miranda.jpg */,
				C73F62D31C88DAF800B7EAC9 /* moon.jpg */,
				C73F62D41C88DAF800B7EAC9 /* oberon.jpg */,
				C73F62D51C88DAF800B7EAC9 /* phobos.jpg */,
				C73F62D61C88DAF800B7EAC9 /* pluto.jpg */,
				C73F62D71C88DAF800B7EAC9 /* red-btn.png */,
				C73F62D81C88DAF800B7EAC9 /* rhea.jpg */,
				C73F62D91C88DAF800B7EAC9 /* saturn.jpg */,
				C73F62DA1C88DAF800B7EAC9 /* spaceship-gold.png */,
				C73F62DB1C88DAF800B7EAC9 /* spaceship-silver.png */,
				C73F62DC1C88DAF800B7EAC9 /* success.wav */,
				C73F62DD1C88DAF800B7EAC9 /* tethys.jpg */,
				C73F62DE1C88DAF800B7EAC9 /* titan.jpg */,
				C73F62DF1C88DAF800B7EAC9 /* titania.jpg */,
				C73F62E01C88DAF800B7EAC9 /* triton.jpg */,
				C73F62E11C88DAF800B7EAC9 /* umbriel.jpg */,
				C7BBF41E1C88C29400E7ED69 /* main.m */,
			);
			name = "Supporting Files";
			sourceTree = "<group>";
		};
		C7BBF43C1C88C29400E7ED69 /* Put It DownTests */ = {
			isa = PBXGroup;
			children = (
				C7BBF43D1C88C29400E7ED69 /* Put_It_DownTests.m */,
				C7BBF43F1C88C29400E7ED69 /* Info.plist */,
			);
			path = "Put It DownTests";
			sourceTree = "<group>";
		};
		C7BBF4471C88C29400E7ED69 /* Put It DownUITests */ = {
			isa = PBXGroup;
			children = (
				C7BBF4481C88C29400E7ED69 /* Put_It_DownUITests.m */,
				C7BBF44A1C88C29400E7ED69 /* Info.plist */,
			);
			path = "Put It DownUITests";
			sourceTree = "<group>";
		};
/* End PBXGroup section */

/* Begin PBXNativeTarget section */
		C7BBF4191C88C29400E7ED69 /* Put It Down */ = {
			isa = PBXNativeTarget;
			buildConfigurationList = C7BBF44D1C88C29400E7ED69 /* Build configuration list for PBXNativeTarget "Put It Down" */;
			buildPhases = (
				C7BBF4161C88C29400E7ED69 /* Sources */,
				C7BBF4171C88C29400E7ED69 /* Frameworks */,
				C7BBF4181C88C29400E7ED69 /* Resources */,
			);
			buildRules = (
			);
			dependencies = (
			);
			name = "Put It Down";
			productName = "Put It Down";
			productReference = C7BBF41A1C88C29400E7ED69 /* Put It Down.app */;
			productType = "com.apple.product-type.application";
		};
		C7BBF4381C88C29400E7ED69 /* Put It DownTests */ = {
			isa = PBXNativeTarget;
			buildConfigurationList = C7BBF4501C88C29400E7ED69 /* Build configuration list for PBXNativeTarget "Put It DownTests" */;
			buildPhases = (
				C7BBF4351C88C29400E7ED69 /* Sources */,
				C7BBF4361C88C29400E7ED69 /* Frameworks */,
				C7BBF4371C88C29400E7ED69 /* Resources */,
			);
			buildRules = (
			);
			dependencies = (
				C7BBF43B1C88C29400E7ED69 /* PBXTargetDependency */,
			);
			name = "Put It DownTests";
			productName = "Put It DownTests";
			productReference = C7BBF4391C88C29400E7ED69 /* Put It DownTests.xctest */;
			productType = "com.apple.product-type.bundle.unit-test";
		};
		C7BBF4431C88C29400E7ED69 /* Put It DownUITests */ = {
			isa = PBXNativeTarget;
			buildConfigurationList = C7BBF4531C88C29400E7ED69 /* Build configuration list for PBXNativeTarget "Put It DownUITests" */;
			buildPhases = (
				C7BBF4401C88C29400E7ED69 /* Sources */,
				C7BBF4411C88C29400E7ED69 /* Frameworks */,
				C7BBF4421C88C29400E7ED69 /* Resources */,
			);
			buildRules = (
			);
			dependencies = (
				C7BBF4461C88C29400E7ED69 /* PBXTargetDependency */,
			);
			name = "Put It DownUITests";
			productName = "Put It DownUITests";
			productReference = C7BBF4441C88C29400E7ED69 /* Put It DownUITests.xctest */;
			productType = "com.apple.product-type.bundle.ui-testing";
		};
/* End PBXNativeTarget section */

/* Begin PBXProject section */
		C7BBF4121C88C29400E7ED69 /* Project object */ = {
			isa = PBXProject;
			attributes = {
				LastUpgradeCheck = 0720;
				ORGANIZATIONNAME = "Benjamin A Burgess";
				TargetAttributes = {
					C7BBF4191C88C29400E7ED69 = {
						CreatedOnToolsVersion = 7.2.1;
						DevelopmentTeam = PABBGTECU6;
						SystemCapabilities = {
							com.apple.BackgroundModes = {
								enabled = 1;
							};
							com.apple.GameCenter = {
								enabled = 0;
							};
						};
					};
					C7BBF4381C88C29400E7ED69 = {
						CreatedOnToolsVersion = 7.2.1;
						TestTargetID = C7BBF4191C88C29400E7ED69;
					};
					C7BBF4431C88C29400E7ED69 = {
						CreatedOnToolsVersion = 7.2.1;
						TestTargetID = C7BBF4191C88C29400E7ED69;
					};
				};
			};
			buildConfigurationList = C7BBF4151C88C29400E7ED69 /* Build configuration list for PBXProject "Put It Down" */;
			compatibilityVersion = "Xcode 3.2";
			developmentRegion = English;
			hasScannedForEncodings = 0;
			knownRegions = (
				en,
				Base,
			);
			mainGroup = C7BBF4111C88C29400E7ED69;
			productRefGroup = C7BBF41B1C88C29400E7ED69 /* Products */;
			projectDirPath = "";
			projectRoot = "";
			targets = (
				C7BBF4191C88C29400E7ED69 /* Put It Down */,
				C7BBF4381C88C29400E7ED69 /* Put It DownTests */,
				C7BBF4431C88C29400E7ED69 /* Put It DownUITests */,
			);
		};
/* End PBXProject section */

/* Begin PBXResourcesBuildPhase section */
		C7BBF4181C88C29400E7ED69 /* Resources */ = {
			isa = PBXResourcesBuildPhase;
			buildActionMask = 2147483647;
			files = (
				C755DDC01C8F5E660047537B /* GPS.jpg in Resources */,
				C73F62F71C88DAF800B7EAC9 /* io.jpg in Resources */,
				C73F62E81C88DAF800B7EAC9 /* ceres.jpg in Resources */,
				C73F63001C88DAF800B7EAC9 /* phobos.jpg in Resources */,
				C73F62E91C88DAF800B7EAC9 /* Default-568h@2x.png in Resources */,
				C73F62FD1C88DAF800B7EAC9 /* miranda.jpg in Resources */,
				C73F62E61C88DAF800B7EAC9 /* blue-btn.png in Resources */,
				C73F63021C88DAF800B7EAC9 /* red-btn.png in Resources */,
				C73F62F91C88DAF800B7EAC9 /* magnetotail.png in Resources */,
				C73F63031C88DAF800B7EAC9 /* rhea.jpg in Resources */,
				C7BBF4331C88C29400E7ED69 /* LaunchScreen.storyboard in Resources */,
				C73F62E51C88DAF800B7EAC9 /* badges.txt in Resources */,
				C73F62EE1C88DAF800B7EAC9 /* europa.jpg in Resources */,
				C73F62EF1C88DAF800B7EAC9 /* ganymede.jpg in Resources */,
				C73F62E41C88DAF800B7EAC9 /* atmosphere.jpg in Resources */,
				C73F62E21C88DAF800B7EAC9 /* ariel.jpg in Resources */,
				C7BBF4301C88C29400E7ED69 /* Assets.xcassets in Resources */,
				C73F62F11C88DAF800B7EAC9 /* iapetus.jpg in Resources */,
				C73F63091C88DAF800B7EAC9 /* titan.jpg in Resources */,
				C73F62F41C88DAF800B7EAC9 /* Icon-Spotlight.png in Resources */,
				C73F62F01C88DAF800B7EAC9 /* green-btn.png in Resources */,
				C73F630A1C88DAF800B7EAC9 /* titania.jpg in Resources */,
				C73F630B1C88DAF800B7EAC9 /* triton.jpg in Resources */,
				C73F62FE1C88DAF800B7EAC9 /* moon.jpg in Resources */,
				C73F62E71C88DAF800B7EAC9 /* callisto.jpg in Resources */,
				C73F62FF1C88DAF800B7EAC9 /* oberon.jpg in Resources */,
				C73F63081C88DAF800B7EAC9 /* tethys.jpg in Resources */,
				C73F630C1C88DAF800B7EAC9 /* umbriel.jpg in Resources */,
				C7BBF42E1C88C29400E7ED69 /* Main.storyboard in Resources */,
				C73F62EC1C88DAF800B7EAC9 /* earth.jpg in Resources */,
				C73F62ED1C88DAF800B7EAC9 /* enceladus.jpg in Resources */,
				C73F62F61C88DAF800B7EAC9 /* interstellar_space.jpg in Resources */,
				C73F62EA1C88DAF800B7EAC9 /* deimos.jpg in Resources */,
				C73F62F31C88DAF800B7EAC9 /* Icon-Settings.png in Resources */,
				C73F62EB1C88DAF800B7EAC9 /* dione.jpg in Resources */,
				C73F62FC1C88DAF800B7EAC9 /* mimas.jpg in Resources */,
				C73F63071C88DAF800B7EAC9 /* success.wav in Resources */,
				C73F62FA1C88DAF800B7EAC9 /* mapPin@2x.png in Resources */,
				C73F63051C88DAF800B7EAC9 /* spaceship-gold.png in Resources */,
				C73F62FB1C88DAF800B7EAC9 /* mars.jpg in Resources */,
				C73F63061C88DAF800B7EAC9 /* spaceship-silver.png in Resources */,
				C73F62F21C88DAF800B7EAC9 /* Icon-App.png in Resources */,
				C73F62E31C88DAF800B7EAC9 /* asteroid_belt.png in Resources */,
				C73F63011C88DAF800B7EAC9 /* pluto.jpg in Resources */,
				C73F62F81C88DAF800B7EAC9 /* kuiper_belt.png in Resources */,
				C73F63041C88DAF800B7EAC9 /* saturn.jpg in Resources */,
				C73F62F51C88DAF800B7EAC9 /* info@2x.png in Resources */,
				C755DDB51C8F2B1C0047537B /* Alarm.wav in Resources */,
			);
			runOnlyForDeploymentPostprocessing = 0;
		};
		C7BBF4371C88C29400E7ED69 /* Resources */ = {
			isa = PBXResourcesBuildPhase;
			buildActionMask = 2147483647;
			files = (
			);
			runOnlyForDeploymentPostprocessing = 0;
		};
		C7BBF4421C88C29400E7ED69 /* Resources */ = {
			isa = PBXResourcesBuildPhase;
			buildActionMask = 2147483647;
			files = (
			);
			runOnlyForDeploymentPostprocessing = 0;
		};
/* End PBXResourcesBuildPhase section */

/* Begin PBXSourcesBuildPhase section */
		C7BBF4161C88C29400E7ED69 /* Sources */ = {
			isa = PBXSourcesBuildPhase;
			buildActionMask = 2147483647;
			files = (
				C75891E21C909D2F0007F700 /* Drive.m in Sources */,
				C755DDBE1C8F59190047537B /* DriveCell.m in Sources */,
				C755DDB31C8F17DF0047537B /* BadgeDetailsViewController.m in Sources */,
				C75891E51C909D2F0007F700 /* Location+CoreDataProperties.m in Sources */,
				C75891E61C909D2F0007F700 /* Location.m in Sources */,
				C7C80BD61C8DED05002601B7 /* BadgeCell.m in Sources */,
				C755DDBB1C8F573F0047537B /* PastDrivesViewController.m in Sources */,
				C794EA091C892A88003BC9AD /* NewDriveViewController.m in Sources */,
				C73F630F1C88E6CE00B7EAC9 /* HomeViewController.m in Sources */,
				C7C19EFC1C89F21900D5863F /* MathController.m in Sources */,
				C707F4601C8A8193007641BD /* BadgeController.m in Sources */,
				C707F45D1C8A80AD007641BD /* Badge.m in Sources */,
				C71FEB051C8BDA9500B73DCE /* BadgeEarnStatus.m in Sources */,
				C75891E11C909D2F0007F700 /* Drive+CoreDataProperties.m in Sources */,
				C7BBF42B1C88C29400E7ED69 /* DetailViewController.m in Sources */,
				C74BB22C1C9312F400F13E71 /* PastDrivesDetailViewController.m in Sources */,
				C75891E31C909D2F0007F700 /* Pins+CoreDataProperties.m in Sources */,
				C707F45A1C8A6839007641BD /* MulticolorPolylineSegment.m in Sources */,
				C75891E41C909D2F0007F700 /* Pins.m in Sources */,
				C7C80BD91C8DEE14002601B7 /* BadgesTableViewController.m in Sources */,
				C7BBF4221C88C29400E7ED69 /* AppDelegate.m in Sources */,
				C7BBF41F1C88C29400E7ED69 /* main.m in Sources */,
				C7BBF4251C88C29400E7ED69 /* Put_It_Down.xcdatamodeld in Sources */,
			);
			runOnlyForDeploymentPostprocessing = 0;
		};
		C7BBF4351C88C29400E7ED69 /* Sources */ = {
			isa = PBXSourcesBuildPhase;
			buildActionMask = 2147483647;
			files = (
				C7BBF43E1C88C29400E7ED69 /* Put_It_DownTests.m in Sources */,
			);
			runOnlyForDeploymentPostprocessing = 0;
		};
		C7BBF4401C88C29400E7ED69 /* Sources */ = {
			isa = PBXSourcesBuildPhase;
			buildActionMask = 2147483647;
			files = (
				C7BBF4491C88C29400E7ED69 /* Put_It_DownUITests.m in Sources */,
			);
			runOnlyForDeploymentPostprocessing = 0;
		};
/* End PBXSourcesBuildPhase section */

/* Begin PBXTargetDependency section */
		C7BBF43B1C88C29400E7ED69 /* PBXTargetDependency */ = {
			isa = PBXTargetDependency;
			target = C7BBF4191C88C29400E7ED69 /* Put It Down */;
			targetProxy = C7BBF43A1C88C29400E7ED69 /* PBXContainerItemProxy */;
		};
		C7BBF4461C88C29400E7ED69 /* PBXTargetDependency */ = {
			isa = PBXTargetDependency;
			target = C7BBF4191C88C29400E7ED69 /* Put It Down */;
			targetProxy = C7BBF4451C88C29400E7ED69 /* PBXContainerItemProxy */;
		};
/* End PBXTargetDependency section */

/* Begin PBXVariantGroup section */
		C7BBF42C1C88C29400E7ED69 /* Main.storyboard */ = {
			isa = PBXVariantGroup;
			children = (
				C7BBF42D1C88C29400E7ED69 /* Base */,
			);
			name = Main.storyboard;
			sourceTree = "<group>";
		};
		C7BBF4311C88C29400E7ED69 /* LaunchScreen.storyboard */ = {
			isa = PBXVariantGroup;
			children = (
				C7BBF4321C88C29400E7ED69 /* Base */,
			);
			name = LaunchScreen.storyboard;
			sourceTree = "<group>";
		};
/* End PBXVariantGroup section */

/* Begin XCBuildConfiguration section */
		C7BBF44B1C88C29400E7ED69 /* Debug */ = {
			isa = XCBuildConfiguration;
			buildSettings = {
				ALWAYS_SEARCH_USER_PATHS = NO;
				CLANG_CXX_LANGUAGE_STANDARD = "gnu++0x";
				CLANG_CXX_LIBRARY = "libc++";
				CLANG_ENABLE_MODULES = YES;
				CLANG_ENABLE_OBJC_ARC = YES;
				CLANG_WARN_BOOL_CONVERSION = YES;
				CLANG_WARN_CONSTANT_CONVERSION = YES;
				CLANG_WARN_DIRECT_OBJC_ISA_USAGE = YES_ERROR;
				CLANG_WARN_EMPTY_BODY = YES;
				CLANG_WARN_ENUM_CONVERSION = YES;
				CLANG_WARN_INT_CONVERSION = YES;
				CLANG_WARN_OBJC_ROOT_CLASS = YES_ERROR;
				CLANG_WARN_UNREACHABLE_CODE = YES;
				CLANG_WARN__DUPLICATE_METHOD_MATCH = YES;
				"CODE_SIGN_IDENTITY[sdk=iphoneos*]" = "iPhone Developer";
				COPY_PHASE_STRIP = NO;
				DEBUG_INFORMATION_FORMAT = dwarf;
				ENABLE_STRICT_OBJC_MSGSEND = YES;
				ENABLE_TESTABILITY = YES;
				GCC_C_LANGUAGE_STANDARD = gnu99;
				GCC_DYNAMIC_NO_PIC = NO;
				GCC_NO_COMMON_BLOCKS = YES;
				GCC_OPTIMIZATION_LEVEL = 0;
				GCC_PREPROCESSOR_DEFINITIONS = (
					"DEBUG=1",
					"$(inherited)",
				);
				GCC_WARN_64_TO_32_BIT_CONVERSION = YES;
				GCC_WARN_ABOUT_RETURN_TYPE = YES_ERROR;
				GCC_WARN_UNDECLARED_SELECTOR = YES;
				GCC_WARN_UNINITIALIZED_AUTOS = YES_AGGRESSIVE;
				GCC_WARN_UNUSED_FUNCTION = YES;
				GCC_WARN_UNUSED_VARIABLE = YES;
				IPHONEOS_DEPLOYMENT_TARGET = 9.2;
				MTL_ENABLE_DEBUG_INFO = YES;
				ONLY_ACTIVE_ARCH = YES;
				SDKROOT = iphoneos;
			};
			name = Debug;
		};
		C7BBF44C1C88C29400E7ED69 /* Release */ = {
			isa = XCBuildConfiguration;
			buildSettings = {
				ALWAYS_SEARCH_USER_PATHS = NO;
				CLANG_CXX_LANGUAGE_STANDARD = "gnu++0x";
				CLANG_CXX_LIBRARY = "libc++";
				CLANG_ENABLE_MODULES = YES;
				CLANG_ENABLE_OBJC_ARC = YES;
				CLANG_WARN_BOOL_CONVERSION = YES;
				CLANG_WARN_CONSTANT_CONVERSION = YES;
				CLANG_WARN_DIRECT_OBJC_ISA_USAGE = YES_ERROR;
				CLANG_WARN_EMPTY_BODY = YES;
				CLANG_WARN_ENUM_CONVERSION = YES;
				CLANG_WARN_INT_CONVERSION = YES;
				CLANG_WARN_OBJC_ROOT_CLASS = YES_ERROR;
				CLANG_WARN_UNREACHABLE_CODE = YES;
				CLANG_WARN__DUPLICATE_METHOD_MATCH = YES;
				"CODE_SIGN_IDENTITY[sdk=iphoneos*]" = "iPhone Developer";
				COPY_PHASE_STRIP = NO;
				DEBUG_INFORMATION_FORMAT = "dwarf-with-dsym";
				ENABLE_NS_ASSERTIONS = NO;
				ENABLE_STRICT_OBJC_MSGSEND = YES;
				GCC_C_LANGUAGE_STANDARD = gnu99;
				GCC_NO_COMMON_BLOCKS = YES;
				GCC_WARN_64_TO_32_BIT_CONVERSION = YES;
				GCC_WARN_ABOUT_RETURN_TYPE = YES_ERROR;
				GCC_WARN_UNDECLARED_SELECTOR = YES;
				GCC_WARN_UNINITIALIZED_AUTOS = YES_AGGRESSIVE;
				GCC_WARN_UNUSED_FUNCTION = YES;
				GCC_WARN_UNUSED_VARIABLE = YES;
				IPHONEOS_DEPLOYMENT_TARGET = 9.2;
				MTL_ENABLE_DEBUG_INFO = NO;
				SDKROOT = iphoneos;
				VALIDATE_PRODUCT = YES;
			};
			name = Release;
		};
		C7BBF44E1C88C29400E7ED69 /* Debug */ = {
			isa = XCBuildConfiguration;
			buildSettings = {
				ASSETCATALOG_COMPILER_APPICON_NAME = AppIcon;
				CODE_SIGN_IDENTITY = "iPhone Developer";
				"CODE_SIGN_IDENTITY[sdk=iphoneos*]" = "iPhone Developer";
				ENABLE_BITCODE = NO;
				"FRAMEWORK_SEARCH_PATHS[arch=*]" = "/Users/benjaminaburgess/GoogleMobileAdsSdkiOS-7.6.0";
				INFOPLIST_FILE = "Put It Down/Info.plist";
				LD_RUNPATH_SEARCH_PATHS = "$(inherited) @executable_path/Frameworks";
				PRODUCT_BUNDLE_IDENTIFIER = benjaminaburgess.PutItDown;
				PRODUCT_NAME = "$(TARGET_NAME)";
				PROVISIONING_PROFILE = "";
			};
			name = Debug;
		};
		C7BBF44F1C88C29400E7ED69 /* Release */ = {
			isa = XCBuildConfiguration;
			buildSettings = {
				ASSETCATALOG_COMPILER_APPICON_NAME = AppIcon;
				CODE_SIGN_IDENTITY = "iPhone Developer";
				"CODE_SIGN_IDENTITY[sdk=iphoneos*]" = "iPhone Developer";
				ENABLE_BITCODE = NO;
				"FRAMEWORK_SEARCH_PATHS[arch=*]" = "/Users/benjaminaburgess/GoogleMobileAdsSdkiOS-7.6.0";
				INFOPLIST_FILE = "Put It Down/Info.plist";
				LD_RUNPATH_SEARCH_PATHS = "$(inherited) @executable_path/Frameworks";
				PRODUCT_BUNDLE_IDENTIFIER = benjaminaburgess.PutItDown;
				PRODUCT_NAME = "$(TARGET_NAME)";
				PROVISIONING_PROFILE = "";
			};
			name = Release;
		};
		C7BBF4511C88C29400E7ED69 /* Debug */ = {
			isa = XCBuildConfiguration;
			buildSettings = {
				BUNDLE_LOADER = "$(TEST_HOST)";
				INFOPLIST_FILE = "Put It DownTests/Info.plist";
				LD_RUNPATH_SEARCH_PATHS = "$(inherited) @executable_path/Frameworks @loader_path/Frameworks";
				PRODUCT_BUNDLE_IDENTIFIER = "benjaminaburgess.Put-It-DownTests";
				PRODUCT_NAME = "$(TARGET_NAME)";
				TEST_HOST = "$(BUILT_PRODUCTS_DIR)/Put It Down.app/Put It Down";
			};
			name = Debug;
		};
		C7BBF4521C88C29400E7ED69 /* Release */ = {
			isa = XCBuildConfiguration;
			buildSettings = {
				BUNDLE_LOADER = "$(TEST_HOST)";
				INFOPLIST_FILE = "Put It DownTests/Info.plist";
				LD_RUNPATH_SEARCH_PATHS = "$(inherited) @executable_path/Frameworks @loader_path/Frameworks";
				PRODUCT_BUNDLE_IDENTIFIER = "benjaminaburgess.Put-It-DownTests";
				PRODUCT_NAME = "$(TARGET_NAME)";
				TEST_HOST = "$(BUILT_PRODUCTS_DIR)/Put It Down.app/Put It Down";
			};
			name = Release;
		};
		C7BBF4541C88C29400E7ED69 /* Debug */ = {
			isa = XCBuildConfiguration;
			buildSettings = {
				INFOPLIST_FILE = "Put It DownUITests/Info.plist";
				LD_RUNPATH_SEARCH_PATHS = "$(inherited) @executable_path/Frameworks @loader_path/Frameworks";
				PRODUCT_BUNDLE_IDENTIFIER = "benjaminaburgess.Put-It-DownUITests";
				PRODUCT_NAME = "$(TARGET_NAME)";
				TEST_TARGET_NAME = "Put It Down";
				USES_XCTRUNNER = YES;
			};
			name = Debug;
		};
		C7BBF4551C88C29400E7ED69 /* Release */ = {
			isa = XCBuildConfiguration;
			buildSettings = {
				INFOPLIST_FILE = "Put It DownUITests/Info.plist";
				LD_RUNPATH_SEARCH_PATHS = "$(inherited) @executable_path/Frameworks @loader_path/Frameworks";
				PRODUCT_BUNDLE_IDENTIFIER = "benjaminaburgess.Put-It-DownUITests";
				PRODUCT_NAME = "$(TARGET_NAME)";
				TEST_TARGET_NAME = "Put It Down";
				USES_XCTRUNNER = YES;
			};
			name = Release;
		};
/* End XCBuildConfiguration section */

/* Begin XCConfigurationList section */
		C7BBF4151C88C29400E7ED69 /* Build configuration list for PBXProject "Put It Down" */ = {
			isa = XCConfigurationList;
			buildConfigurations = (
				C7BBF44B1C88C29400E7ED69 /* Debug */,
				C7BBF44C1C88C29400E7ED69 /* Release */,
			);
			defaultConfigurationIsVisible = 0;
			defaultConfigurationName = Release;
		};
		C7BBF44D1C88C29400E7ED69 /* Build configuration list for PBXNativeTarget "Put It Down" */ = {
			isa = XCConfigurationList;
			buildConfigurations = (
				C7BBF44E1C88C29400E7ED69 /* Debug */,
				C7BBF44F1C88C29400E7ED69 /* Release */,
			);
			defaultConfigurationIsVisible = 0;
			defaultConfigurationName = Release;
		};
		C7BBF4501C88C29400E7ED69 /* Build configuration list for PBXNativeTarget "Put It DownTests" */ = {
			isa = XCConfigurationList;
			buildConfigurations = (
				C7BBF4511C88C29400E7ED69 /* Debug */,
				C7BBF4521C88C29400E7ED69 /* Release */,
			);
			defaultConfigurationIsVisible = 0;
			defaultConfigurationName = Release;
		};
		C7BBF4531C88C29400E7ED69 /* Build configuration list for PBXNativeTarget "Put It DownUITests" */ = {
			isa = XCConfigurationList;
			buildConfigurations = (
				C7BBF4541C88C29400E7ED69 /* Debug */,
				C7BBF4551C88C29400E7ED69 /* Release */,
			);
			defaultConfigurationIsVisible = 0;
			defaultConfigurationName = Release;
		};
/* End XCConfigurationList section */

/* Begin XCVersionGroup section */
		C7BBF4231C88C29400E7ED69 /* Put_It_Down.xcdatamodeld */ = {
			isa = XCVersionGroup;
			children = (
				C7BBF4241C88C29400E7ED69 /* Put_It_Down.xcdatamodel */,
			);
			currentVersion = C7BBF4241C88C29400E7ED69 /* Put_It_Down.xcdatamodel */;
			path = Put_It_Down.xcdatamodeld;
			sourceTree = "<group>";
			versionGroupType = wrapper.xcdatamodel;
		};
/* End XCVersionGroup section */
	};
	rootObject = C7BBF4121C88C29400E7ED69 /* Project object */;
}
